{
    "_meta": {
        "hash": {
            "sha256": "f7aca9d17f2b900471a754e61cfbfe44cad0f3208df8dd6dd67a9ab5a6eac76a"
        },
        "pipfile-spec": 6,
        "requires": {},
        "sources": [
            {
                "name": "pypi",
                "url": "https://pypi.org/simple",
                "verify_ssl": true
            }
        ]
    },
    "default": {
        "amqp": {
            "hashes": [
                "sha256:827cb12fb0baa892aad844fd95258143bce4027fdac4fccddbc43330fd281637",
                "sha256:a1ecff425ad063ad42a486c902807d1482311481c8ad95a72694b2975e75f7fd"
            ],
            "markers": "python_version >= '3.6'",
            "version": "==5.2.0"
        },
        "asgiref": {
            "hashes": [
                "sha256:3e1e3ecc849832fe52ccf2cb6686b7a55f82bb1d6aee72a58826471390335e47",
                "sha256:c343bd80a0bec947a9860adb4c432ffa7db769836c64238fc34bdc3fec84d590"
            ],
            "markers": "python_version >= '3.8'",
            "version": "==3.8.1"
        },
        "asttokens": {
            "hashes": [
                "sha256:051ed49c3dcae8913ea7cd08e46a606dba30b79993209636c4875bc1d637bc24",
                "sha256:b03869718ba9a6eb027e134bfdf69f38a236d681c83c160d510768af11254ba0"
            ],
            "version": "==2.4.1"
        },
        "beautifulsoup4": {
            "hashes": [
                "sha256:492bbc69dca35d12daac71c4db1bfff0c876c00ef4a2ffacce226d4638eb72da",
                "sha256:bd2520ca0d9d7d12694a53d44ac482d181b4ec1888909b035a3dbf40d0f57d4a"
            ],
            "markers": "python_full_version >= '3.6.0'",
            "version": "==4.12.2"
        },
        "behave": {
            "hashes": [
                "sha256:b9662327aa53294c1351b0a9c369093ccec1d21026f050c3bd9b3e5cccf81a86",
                "sha256:ebda1a6c9e5bfe95c5f9f0a2794e01c7098b3dde86c10a95d8621c5907ff6f1c"
            ],
            "index": "pypi",
            "markers": "python_version >= '2.6' and python_version not in '3.0, 3.1, 3.2, 3.3'",
            "version": "==1.2.6"
        },
        "behave-django": {
            "hashes": [
                "sha256:a75b88ab7e5ceb1efa9836c73e5e2db2c5fdc2e99d5901138c5cdab356d1680b",
                "sha256:aecbc535699517100c1e443eadb4a5d761c2b1d2f4364d88c8e74a236c915c9c"
            ],
            "index": "pypi",
            "version": "==1.4.0"
        },
        "billiard": {
            "hashes": [
                "sha256:07aa978b308f334ff8282bd4a746e681b3513db5c9a514cbdd810cbbdc19714d",
                "sha256:9a3c3184cb275aa17a732f93f65b20c525d3d9f253722d26a82194803ade5a2c"
            ],
            "markers": "python_version >= '3.7'",
            "version": "==4.2.0"
        },
        "celery": {
            "hashes": [
                "sha256:369631eb580cf8c51a82721ec538684994f8277637edde2dfc0dacd73ed97f64",
                "sha256:504a19140e8d3029d5acad88330c541d4c3f64c789d85f94756762d8bca7e706"
            ],
            "index": "pypi",
            "markers": "python_version >= '3.8'",
            "version": "==5.4.0"
        },
        "click": {
            "hashes": [
                "sha256:ae74fb96c20a0277a1d615f1e4d73c8414f5a98db8b799a7931d1582f3390c28",
                "sha256:ca9853ad459e787e2192211578cc907e7594e294c7ccc834310722b41b9ca6de"
            ],
            "markers": "python_version >= '3.7'",
            "version": "==8.1.7"
        },
        "click-didyoumean": {
            "hashes": [
                "sha256:4f82fdff0dbe64ef8ab2279bd6aa3f6a99c3b28c05aa09cbfc07c9d7fbb5a463",
                "sha256:5c4bb6007cfea5f2fd6583a2fb6701a22a41eb98957e63d0fac41c10e7c3117c"
            ],
            "markers": "python_full_version >= '3.6.2'",
            "version": "==0.3.1"
        },
        "click-plugins": {
            "hashes": [
                "sha256:46ab999744a9d831159c3411bb0c79346d94a444df9a3a3742e9ed63645f264b",
                "sha256:5d262006d3222f5057fd81e1623d4443e41dcda5dc815c06b442aa3c02889fc8"
            ],
            "version": "==1.1.1"
        },
        "click-repl": {
            "hashes": [
                "sha256:17849c23dba3d667247dc4defe1757fff98694e90fe37474f3feebb69ced26a9",
                "sha256:fb7e06deb8da8de86180a33a9da97ac316751c094c6899382da7feeeeb51b812"
            ],
            "markers": "python_version >= '3.6'",
            "version": "==0.3.0"
        },
        "decorator": {
            "hashes": [
                "sha256:637996211036b6385ef91435e4fae22989472f9d571faba8927ba8253acbc330",
                "sha256:b8c3f85900b9dc423225913c5aace94729fe1fa9763b38939a95226f02d37186"
            ],
            "markers": "python_version >= '3.5'",
            "version": "==5.1.1"
        },
        "dj-database-url": {
            "hashes": [
                "sha256:3e792567b0aa9a4884860af05fe2aa4968071ad351e033b6db632f97ac6db9de",
                "sha256:9f9b05058ddf888f1e6f840048b8d705ff9395e3b52a07165daa3d8b9360551b"
            ],
            "index": "pypi",
            "version": "==2.2.0"
        },
        "django": {
            "hashes": [
                "sha256:8e0f1c2c2786b5c0e39fe1afce24c926040fad47c8ea8ad30aaf1188df29fc41",
                "sha256:e1d37c51ad26186de355cbcec16613ebdabfa9689bbade9c538835205a8abbe9"
            ],
            "index": "pypi",
            "markers": "python_version >= '3.8'",
            "version": "==4.2.7"
        },
        "django-extensions": {
            "hashes": [
                "sha256:44d27919d04e23b3f40231c4ab7af4e61ce832ef46d610cc650d53e68328410a",
                "sha256:9600b7562f79a92cbf1fde6403c04fee314608fefbb595502e34383ae8203401"
            ],
            "index": "pypi",
            "markers": "python_version >= '3.6'",
            "version": "==3.2.3"
        },
        "django-redis-cache": {
            "hashes": [
                "sha256:a7fbef101a053d2e430bd3befe6a87e6e730f98e335b516f25f30b17d9fe66e3"
            ],
            "index": "pypi",
            "version": "==3.0.1"
        },
        "exceptiongroup": {
            "hashes": [
                "sha256:4bfd3996ac73b41e9b9628b04e079f193850720ea5945fc96a08633c66912f14",
                "sha256:91f5c769735f051a4290d52edd0858999b57e5876e9f85937691bd4c9fa3ed68"
            ],
            "markers": "python_version < '3.11'",
            "version": "==1.2.0"
        },
        "executing": {
            "hashes": [
                "sha256:35afe2ce3affba8ee97f2d69927fa823b08b472b7b994e36a52a964b93d16147",
                "sha256:eac49ca94516ccc753f9fb5ce82603156e590b27525a8bc32cce8ae302eb61bc"
            ],
            "markers": "python_version >= '3.5'",
            "version": "==2.0.1"
        },
        "gevent": {
            "hashes": [
                "sha256:03aa5879acd6b7076f6a2a307410fb1e0d288b84b03cdfd8c74db8b4bc882fc5",
                "sha256:117e5837bc74a1673605fb53f8bfe22feb6e5afa411f524c835b2ddf768db0de",
                "sha256:141a2b24ad14f7b9576965c0c84927fc85f824a9bb19f6ec1e61e845d87c9cd8",
                "sha256:14532a67f7cb29fb055a0e9b39f16b88ed22c66b96641df8c04bdc38c26b9ea5",
                "sha256:1dffb395e500613e0452b9503153f8f7ba587c67dd4a85fc7cd7aa7430cb02cc",
                "sha256:2955eea9c44c842c626feebf4459c42ce168685aa99594e049d03bedf53c2800",
                "sha256:2ae3a25ecce0a5b0cd0808ab716bfca180230112bb4bc89b46ae0061d62d4afe",
                "sha256:2e9ac06f225b696cdedbb22f9e805e2dd87bf82e8fa5e17756f94e88a9d37cf7",
                "sha256:368a277bd9278ddb0fde308e6a43f544222d76ed0c4166e0d9f6b036586819d9",
                "sha256:3adfb96637f44010be8abd1b5e73b5070f851b817a0b182e601202f20fa06533",
                "sha256:3d5325ccfadfd3dcf72ff88a92fb8fc0b56cacc7225f0f4b6dcf186c1a6eeabc",
                "sha256:432fc76f680acf7cf188c2ee0f5d3ab73b63c1f03114c7cd8a34cebbe5aa2056",
                "sha256:44098038d5e2749b0784aabb27f1fcbb3f43edebedf64d0af0d26955611be8d6",
                "sha256:5a1df555431f5cd5cc189a6ee3544d24f8c52f2529134685f1e878c4972ab026",
                "sha256:6c47ae7d1174617b3509f5d884935e788f325eb8f1a7efc95d295c68d83cce40",
                "sha256:6f947a9abc1a129858391b3d9334c45041c08a0f23d14333d5b844b6e5c17a07",
                "sha256:782a771424fe74bc7e75c228a1da671578c2ba4ddb2ca09b8f959abdf787331e",
                "sha256:7899a38d0ae7e817e99adb217f586d0a4620e315e4de577444ebeeed2c5729be",
                "sha256:7b00f8c9065de3ad226f7979154a7b27f3b9151c8055c162332369262fc025d8",
                "sha256:8f4b8e777d39013595a7740b4463e61b1cfe5f462f1b609b28fbc1e4c4ff01e5",
                "sha256:90cbac1ec05b305a1b90ede61ef73126afdeb5a804ae04480d6da12c56378df1",
                "sha256:918cdf8751b24986f915d743225ad6b702f83e1106e08a63b736e3a4c6ead789",
                "sha256:9202f22ef811053077d01f43cc02b4aaf4472792f9fd0f5081b0b05c926cca19",
                "sha256:94138682e68ec197db42ad7442d3cf9b328069c3ad8e4e5022e6b5cd3e7ffae5",
                "sha256:968581d1717bbcf170758580f5f97a2925854943c45a19be4d47299507db2eb7",
                "sha256:9d8d0642c63d453179058abc4143e30718b19a85cbf58c2744c9a63f06a1d388",
                "sha256:a7ceb59986456ce851160867ce4929edaffbd2f069ae25717150199f8e1548b8",
                "sha256:b9913c45d1be52d7a5db0c63977eebb51f68a2d5e6fd922d1d9b5e5fd758cc98",
                "sha256:bde283313daf0b34a8d1bab30325f5cb0f4e11b5869dbe5bc61f8fe09a8f66f3",
                "sha256:bf5b9c72b884c6f0c4ed26ef204ee1f768b9437330422492c319470954bc4cc7",
                "sha256:ca80b121bbec76d7794fcb45e65a7eca660a76cc1a104ed439cdbd7df5f0b060",
                "sha256:cdf66977a976d6a3cfb006afdf825d1482f84f7b81179db33941f2fc9673bb1d",
                "sha256:d4faf846ed132fd7ebfbbf4fde588a62d21faa0faa06e6f468b7faa6f436b661",
                "sha256:d7f87c2c02e03d99b95cfa6f7a776409083a9e4d468912e18c7680437b29222c",
                "sha256:dd23df885318391856415e20acfd51a985cba6919f0be78ed89f5db9ff3a31cb",
                "sha256:f5de3c676e57177b38857f6e3cdfbe8f38d1cd754b63200c0615eaa31f514b4f",
                "sha256:f5e8e8d60e18d5f7fd49983f0c4696deeddaf6e608fbab33397671e2fcc6cc91",
                "sha256:f7cac622e11b4253ac4536a654fe221249065d9a69feb6cdcd4d9af3503602e0",
                "sha256:f8a04cf0c5b7139bc6368b461257d4a757ea2fe89b3773e494d235b7dd51119f",
                "sha256:f8bb35ce57a63c9a6896c71a285818a3922d8ca05d150fd1fe49a7f57287b836",
                "sha256:fbfdce91239fe306772faab57597186710d5699213f4df099d1612da7320d682"
            ],
            "index": "pypi",
            "markers": "python_version >= '3.8'",
            "version": "==24.2.1"
        },
        "greenlet": {
            "hashes": [
                "sha256:01bc7ea167cf943b4c802068e178bbf70ae2e8c080467070d01bfa02f337ee67",
                "sha256:0448abc479fab28b00cb472d278828b3ccca164531daab4e970a0458786055d6",
                "sha256:086152f8fbc5955df88382e8a75984e2bb1c892ad2e3c80a2508954e52295257",
                "sha256:098d86f528c855ead3479afe84b49242e174ed262456c342d70fc7f972bc13c4",
                "sha256:149e94a2dd82d19838fe4b2259f1b6b9957d5ba1b25640d2380bea9c5df37676",
                "sha256:1551a8195c0d4a68fac7a4325efac0d541b48def35feb49d803674ac32582f61",
                "sha256:15d79dd26056573940fcb8c7413d84118086f2ec1a8acdfa854631084393efcc",
                "sha256:1996cb9306c8595335bb157d133daf5cf9f693ef413e7673cb07e3e5871379ca",
                "sha256:1a7191e42732df52cb5f39d3527217e7ab73cae2cb3694d241e18f53d84ea9a7",
                "sha256:1ea188d4f49089fc6fb283845ab18a2518d279c7cd9da1065d7a84e991748728",
                "sha256:1f672519db1796ca0d8753f9e78ec02355e862d0998193038c7073045899f305",
                "sha256:2516a9957eed41dd8f1ec0c604f1cdc86758b587d964668b5b196a9db5bfcde6",
                "sha256:2797aa5aedac23af156bbb5a6aa2cd3427ada2972c828244eb7d1b9255846379",
                "sha256:2dd6e660effd852586b6a8478a1d244b8dc90ab5b1321751d2ea15deb49ed414",
                "sha256:3ddc0f794e6ad661e321caa8d2f0a55ce01213c74722587256fb6566049a8b04",
                "sha256:3ed7fb269f15dc662787f4119ec300ad0702fa1b19d2135a37c2c4de6fadfd4a",
                "sha256:419b386f84949bf0e7c73e6032e3457b82a787c1ab4a0e43732898a761cc9dbf",
                "sha256:43374442353259554ce33599da8b692d5aa96f8976d567d4badf263371fbe491",
                "sha256:52f59dd9c96ad2fc0d5724107444f76eb20aaccb675bf825df6435acb7703559",
                "sha256:57e8974f23e47dac22b83436bdcf23080ade568ce77df33159e019d161ce1d1e",
                "sha256:5b51e85cb5ceda94e79d019ed36b35386e8c37d22f07d6a751cb659b180d5274",
                "sha256:649dde7de1a5eceb258f9cb00bdf50e978c9db1b996964cd80703614c86495eb",
                "sha256:64d7675ad83578e3fc149b617a444fab8efdafc9385471f868eb5ff83e446b8b",
                "sha256:68834da854554926fbedd38c76e60c4a2e3198c6fbed520b106a8986445caaf9",
                "sha256:6b66c9c1e7ccabad3a7d037b2bcb740122a7b17a53734b7d72a344ce39882a1b",
                "sha256:70fb482fdf2c707765ab5f0b6655e9cfcf3780d8d87355a063547b41177599be",
                "sha256:7170375bcc99f1a2fbd9c306f5be8764eaf3ac6b5cb968862cad4c7057756506",
                "sha256:73a411ef564e0e097dbe7e866bb2dda0f027e072b04da387282b02c308807405",
                "sha256:77457465d89b8263bca14759d7c1684df840b6811b2499838cc5b040a8b5b113",
                "sha256:7f362975f2d179f9e26928c5b517524e89dd48530a0202570d55ad6ca5d8a56f",
                "sha256:81bb9c6d52e8321f09c3d165b2a78c680506d9af285bfccbad9fb7ad5a5da3e5",
                "sha256:881b7db1ebff4ba09aaaeae6aa491daeb226c8150fc20e836ad00041bcb11230",
                "sha256:894393ce10ceac937e56ec00bb71c4c2f8209ad516e96033e4b3b1de270e200d",
                "sha256:99bf650dc5d69546e076f413a87481ee1d2d09aaaaaca058c9251b6d8c14783f",
                "sha256:9da2bd29ed9e4f15955dd1595ad7bc9320308a3b766ef7f837e23ad4b4aac31a",
                "sha256:afaff6cf5200befd5cec055b07d1c0a5a06c040fe5ad148abcd11ba6ab9b114e",
                "sha256:b1b5667cced97081bf57b8fa1d6bfca67814b0afd38208d52538316e9422fc61",
                "sha256:b37eef18ea55f2ffd8f00ff8fe7c8d3818abd3e25fb73fae2ca3b672e333a7a6",
                "sha256:b542be2440edc2d48547b5923c408cbe0fc94afb9f18741faa6ae970dbcb9b6d",
                "sha256:b7dcbe92cc99f08c8dd11f930de4d99ef756c3591a5377d1d9cd7dd5e896da71",
                "sha256:b7f009caad047246ed379e1c4dbcb8b020f0a390667ea74d2387be2998f58a22",
                "sha256:bba5387a6975598857d86de9eac14210a49d554a77eb8261cc68b7d082f78ce2",
                "sha256:c5e1536de2aad7bf62e27baf79225d0d64360d4168cf2e6becb91baf1ed074f3",
                "sha256:c5ee858cfe08f34712f548c3c363e807e7186f03ad7a5039ebadb29e8c6be067",
                "sha256:c9db1c18f0eaad2f804728c67d6c610778456e3e1cc4ab4bbd5eeb8e6053c6fc",
                "sha256:d353cadd6083fdb056bb46ed07e4340b0869c305c8ca54ef9da3421acbdf6881",
                "sha256:d46677c85c5ba00a9cb6f7a00b2bfa6f812192d2c9f7d9c4f6a55b60216712f3",
                "sha256:d4d1ac74f5c0c0524e4a24335350edad7e5f03b9532da7ea4d3c54d527784f2e",
                "sha256:d73a9fe764d77f87f8ec26a0c85144d6a951a6c438dfe50487df5595c6373eac",
                "sha256:da70d4d51c8b306bb7a031d5cff6cc25ad253affe89b70352af5f1cb68e74b53",
                "sha256:daf3cb43b7cf2ba96d614252ce1684c1bccee6b2183a01328c98d36fcd7d5cb0",
                "sha256:dca1e2f3ca00b84a396bc1bce13dd21f680f035314d2379c4160c98153b2059b",
                "sha256:dd4f49ae60e10adbc94b45c0b5e6a179acc1736cf7a90160b404076ee283cf83",
                "sha256:e1f145462f1fa6e4a4ae3c0f782e580ce44d57c8f2c7aae1b6fa88c0b2efdb41",
                "sha256:e3391d1e16e2a5a1507d83e4a8b100f4ee626e8eca43cf2cadb543de69827c4c",
                "sha256:fcd2469d6a2cf298f198f0487e0a5b1a47a42ca0fa4dfd1b6862c999f018ebbf",
                "sha256:fd096eb7ffef17c456cfa587523c5f92321ae02427ff955bebe9e3c63bc9f0da",
                "sha256:fe754d231288e1e64323cfad462fcee8f0288654c10bdf4f603a39ed923bef33"
            ],
            "markers": "python_version < '3.11' and platform_python_implementation == 'CPython'",
            "version": "==3.0.3"
        },
        "hiredis": {
            "hashes": [
                "sha256:00018f22f38530768b73ea86c11f47e8d4df65facd4e562bd78773bd1baef35e",
                "sha256:034925b5fb514f7b11aac38cd55b3fd7e9d3af23bd6497f3f20aa5b8ba58e232",
                "sha256:038756db735e417ab36ee6fd7725ce412385ed2bd0767e8179a4755ea11b804f",
                "sha256:04ccae6dcd9647eae6025425ab64edb4d79fde8b9e6e115ebfabc6830170e3b2",
                "sha256:0aacc0a78e1d94d843a6d191f224a35893e6bdfeb77a4a89264155015c65f126",
                "sha256:0bb6f9fd92f147ba11d338ef5c68af4fd2908739c09e51f186e1d90958c68cc1",
                "sha256:0dcfa684966f25b335072115de2f920228a3c2caf79d4bfa2b30f6e4f674a948",
                "sha256:100431e04d25a522ef2c3b94f294c4219c4de3bfc7d557b6253296145a144c11",
                "sha256:120f2dda469b28d12ccff7c2230225162e174657b49cf4cd119db525414ae281",
                "sha256:122171ff47d96ed8dd4bba6c0e41d8afaba3e8194949f7720431a62aa29d8895",
                "sha256:13c275b483a052dd645eb2cb60d6380f1f5215e4c22d6207e17b86be6dd87ffa",
                "sha256:13c345e7278c210317e77e1934b27b61394fee0dec2e8bd47e71570900f75823",
                "sha256:1f669212c390eebfbe03c4e20181f5970b82c5d0a0ad1df1785f7ffbe7d61150",
                "sha256:1fb8de899f0145d6c4d5d4bd0ee88a78eb980a7ffabd51e9889251b8f58f1785",
                "sha256:204b79b30a0e6be0dc2301a4d385bb61472809f09c49f400497f1cdd5a165c66",
                "sha256:22c17c96143c2a62dfd61b13803bc5de2ac526b8768d2141c018b965d0333b66",
                "sha256:23142a8af92a13fc1e3f2ca1d940df3dcf2af1d176be41fe8d89e30a837a0b60",
                "sha256:3d22c53f0ec5c18ecb3d92aa9420563b1c5d657d53f01356114978107b00b860",
                "sha256:3dc8043959b50141df58ab4f398e8ae84c6f9e673a2c9407be65fc789138f4a6",
                "sha256:3ea635101b739c12effd189cc19b2671c268abb03013fd1f6321ca29df3ca625",
                "sha256:41afc0d3c18b59eb50970479a9c0e5544fb4b95e3a79cf2fbaece6ddefb926fe",
                "sha256:4664dedcd5933364756d7251a7ea86d60246ccf73a2e00912872dacbfcef8978",
                "sha256:466f836dbcf86de3f9692097a7a01533dc9926986022c6617dc364a402b265c5",
                "sha256:467d28112c7faa29b7db743f40803d927c8591e9da02b6ce3d5fadc170a542a2",
                "sha256:47de0bbccf4c8a9f99d82d225f7672b9dd690d8fd872007b933ef51a302c9fa6",
                "sha256:484025d2eb8f6348f7876fc5a2ee742f568915039fcb31b478fd5c242bb0fe3a",
                "sha256:48727d7d405d03977d01885f317328dc21d639096308de126c2c4e9950cbd3c9",
                "sha256:4b182791c41c5eb1d9ed736f0ff81694b06937ca14b0d4dadde5dadba7ff6dae",
                "sha256:4c6efcbb5687cf8d2aedcc2c3ed4ac6feae90b8547427d417111194873b66b06",
                "sha256:4ea3a86405baa8eb0d3639ced6926ad03e07113de54cb00fd7510cb0db76a89d",
                "sha256:50a196af0ce657fcde9bf8a0bbe1032e22c64d8fcec2bc926a35e7ff68b3a166",
                "sha256:50da7a9edf371441dfcc56288d790985ee9840d982750580710a9789b8f4a290",
                "sha256:51b99cfac514173d7b8abdfe10338193e8a0eccdfe1870b646009d2fb7cbe4b5",
                "sha256:54a6dd7b478e6eb01ce15b3bb5bf771e108c6c148315bf194eb2ab776a3cac4d",
                "sha256:562eaf820de045eb487afaa37e6293fe7eceb5b25e158b5a1974b7e40bf04543",
                "sha256:5a8dffb5f5b3415a4669d25de48b617fd9d44b0bccfc4c2ab24b06406ecc9ecb",
                "sha256:5b5cff42a522a0d81c2ae7eae5e56d0ee7365e0c4ad50c4de467d8957aff4414",
                "sha256:63482db3fadebadc1d01ad33afa6045ebe2ea528eb77ccaabd33ee7d9c2bad48",
                "sha256:6ca41fa40fa019cde42c21add74aadd775e71458051a15a352eabeb12eb4d084",
                "sha256:6eecb343c70629f5af55a8b3e53264e44fa04e155ef7989de13668a0cb102a90",
                "sha256:719c32147ba29528cb451f037bf837dcdda4ff3ddb6cdb12c4216b0973174718",
                "sha256:77c8006c12154c37691b24ff293c077300c22944018c3ff70094a33e10c1d795",
                "sha256:793c80a3d6b0b0e8196a2d5de37a08330125668c8012922685e17aa9108c33ac",
                "sha256:7d99b91e42217d7b4b63354b15b41ce960e27d216783e04c4a350224d55842a4",
                "sha256:82f794d564f4bc76b80c50b03267fe5d6589e93f08e66b7a2f674faa2fa76ebc",
                "sha256:83a29cc7b21b746cb6a480189e49f49b2072812c445e66a9e38d2004d496b81c",
                "sha256:869f6d5537d243080f44253491bb30aa1ec3c21754003b3bddeadedeb65842b0",
                "sha256:8854969e7480e8d61ed7549eb232d95082a743e94138d98d7222ba4e9f7ecacd",
                "sha256:898636a06d9bf575d2c594129085ad6b713414038276a4bfc5db7646b8a5be78",
                "sha256:8e0bb6102ebe2efecf8a3292c6660a0e6fac98176af6de67f020bea1c2343717",
                "sha256:8fed69bbaa307040c62195a269f82fc3edf46b510a17abb6b30a15d7dab548df",
                "sha256:9862db92ef67a8a02e0d5370f07d380e14577ecb281b79720e0d7a89aedb9ee5",
                "sha256:98a152052b8878e5e43a2e3a14075218adafc759547c98668a21e9485882696c",
                "sha256:99516d99316062824a24d145d694f5b0d030c80da693ea6f8c4ecf71a251d8bb",
                "sha256:9b285ef6bf1581310b0d5e8f6ce64f790a1c40e89c660e1320b35f7515433672",
                "sha256:a131377493a59fb0f5eaeb2afd49c6540cafcfba5b0b3752bed707be9e7c4eaf",
                "sha256:a1c81c89ed765198da27412aa21478f30d54ef69bf5e4480089d9c3f77b8f882",
                "sha256:a2537b2cd98192323fce4244c8edbf11f3cac548a9d633dbbb12b48702f379f4",
                "sha256:a41be8af1fd78ca97bc948d789a09b730d1e7587d07ca53af05758f31f4b985d",
                "sha256:a631e2990b8be23178f655cae8ac6c7422af478c420dd54e25f2e26c29e766f1",
                "sha256:a6a49ef161739f8018c69b371528bdb47d7342edfdee9ddc75a4d8caddf45a6e",
                "sha256:ac6d929cb33dd12ad3424b75725975f0a54b5b12dbff95f2a2d660c510aa106d",
                "sha256:b23291951959141173eec10f8573538e9349fa27f47a0c34323d1970bf891ee5",
                "sha256:ba9fc605ac558f0de67463fb588722878641e6fa1dabcda979e8e69ff581d0bd",
                "sha256:bdc144d56333c52c853c31b4e2e52cfbdb22d3da4374c00f5f3d67c42158970f",
                "sha256:c073848d2b1d5561f3903879ccf4e1a70c9b1e7566c7bdcc98d082fa3e7f0a1d",
                "sha256:c1018cc7f12824506f165027eabb302735b49e63af73eb4d5450c66c88f47026",
                "sha256:c3ece960008dab66c6b8bb3a1350764677ee7c74ccd6270aaf1b1caf9ccebb46",
                "sha256:c3fdad75e7837a475900a1d3a5cc09aa024293c3b0605155da2d42f41bc0e482",
                "sha256:c8a1df39d74ec507d79c7a82c8063eee60bf80537cdeee652f576059b9cdd15c",
                "sha256:c8a91e9520fbc65a799943e5c970ffbcd67905744d8becf2e75f9f0a5e8414f0",
                "sha256:d10fcd9e0eeab835f492832b2a6edb5940e2f1230155f33006a8dfd3bd2c94e4",
                "sha256:d435ae89073d7cd51e6b6bf78369c412216261c9c01662e7008ff00978153729",
                "sha256:d7a4c1791d7aa7e192f60fe028ae409f18ccdd540f8b1e6aeb0df7816c77e4a4",
                "sha256:dc384874a719c767b50a30750f937af18842ee5e288afba95a5a3ed703b1515a",
                "sha256:df274e3abb4df40f4c7274dd3e587dfbb25691826c948bc98d5fead019dfb001",
                "sha256:e069967cbd5e1900aafc4b5943888f6d34937fc59bf8918a1a546cb729b4b1e4",
                "sha256:e194a0d5df9456995d8f510eab9f529213e7326af6b94770abf8f8b7952ddcaa",
                "sha256:e1a9c14ae9573d172dc050a6f63a644457df5d01ec4d35a6a0f097f812930f83",
                "sha256:e241fab6332e8fb5f14af00a4a9c6aefa22f19a336c069b7ddbf28ef8341e8d6",
                "sha256:e421ac9e4b5efc11705a0d5149e641d4defdc07077f748667f359e60dc904420",
                "sha256:e43679eca508ba8240d016d8cca9d27342d70184773c15bea78a23c87a1922f1",
                "sha256:e584fe5f4e6681d8762982be055f1534e0170f6308a7a90f58d737bab12ff6a8",
                "sha256:f114a6c86edbf17554672b050cce72abf489fe58d583c7921904d5f1c9691605",
                "sha256:f2f312eef8aafc2255e3585dcf94d5da116c43ef837db91db9ecdc1bc930072d",
                "sha256:f359175197fd833c8dd7a8c288f1516be45415bb5c939862ab60c2918e1e1943",
                "sha256:f75999ae00a920f7dce6ecae76fa5e8674a3110e5a75f12c7a2c75ae1af53396",
                "sha256:f91456507427ba36fd81b2ca11053a8e112c775325acc74e993201ea912d63e9",
                "sha256:fa1fcad89d8a41d8dc10b1e54951ec1e161deabd84ed5a2c95c3c7213bdb3514",
                "sha256:fa86bf9a0ed339ec9e8a9a9d0ae4dccd8671625c83f9f9f2640729b15e07fbfd",
                "sha256:fcdb552ffd97151dab8e7bc3ab556dfa1512556b48a367db94b5c20253a35ee1",
                "sha256:fcecbd39bd42cef905c0b51c9689c39d0cc8b88b1671e7f40d4fb213423aef3a",
                "sha256:fe91d62b0594db5ea7d23fc2192182b1a7b6973f628a9b8b2e0a42a2be721ac6",
                "sha256:fed8581ae26345dea1f1e0d1a96e05041a727a45e7d8d459164583e23c6ac441"
            ],
            "index": "pypi",
            "markers": "python_version >= '3.8'",
            "version": "==3.0.0"
        },
        "ipython": {
            "hashes": [
                "sha256:ca6f079bb33457c66e233e4580ebfc4128855b4cf6370dddd73842a9563e8a27",
                "sha256:e8267419d72d81955ec1177f8a29aaa90ac80ad647499201119e2f05e99aa397"
            ],
            "index": "pypi",
            "markers": "python_version >= '3.9'",
            "version": "==8.18.1"
        },
        "jedi": {
            "hashes": [
                "sha256:cf0496f3651bc65d7174ac1b7d043eff454892c708a87d1b683e57b569927ffd",
                "sha256:e983c654fe5c02867aef4cdfce5a2fbb4a50adc0af145f70504238f18ef5e7e0"
            ],
            "markers": "python_version >= '3.6'",
            "version": "==0.19.1"
        },
        "kombu": {
            "hashes": [
                "sha256:011c4cd9a355c14a1de8d35d257314a1d2456d52b7140388561acac3cf1a97bf",
                "sha256:5634c511926309c7f9789f1433e9ed402616b56836ef9878f01bd59267b4c7a9"
            ],
            "markers": "python_version >= '3.8'",
            "version": "==5.3.7"
        },
        "matplotlib-inline": {
            "hashes": [
                "sha256:f1f41aab5328aa5aaea9b16d083b128102f8712542f819fe7e6a420ff581b311",
                "sha256:f887e5f10ba98e8d2b150ddcf4702c1e5f8b3a20005eb0f74bfdbd360ee6f304"
            ],
            "markers": "python_version >= '3.5'",
            "version": "==0.1.6"
        },
        "parse": {
            "hashes": [
                "sha256:371ed3800dc63983832159cc9373156613947707bc448b5215473a219dbd4362",
                "sha256:cc3a47236ff05da377617ddefa867b7ba983819c664e1afe46249e5b469be464"
            ],
            "version": "==1.19.1"
        },
        "parse-type": {
            "hashes": [
                "sha256:06d39a8b70fde873eb2a131141a0e79bb34a432941fb3d66fad247abafc9766c",
                "sha256:79b1f2497060d0928bc46016793f1fca1057c4aacdf15ef876aa48d75a73a355"
            ],
            "markers": "python_version >= '2.7' and python_version not in '3.0, 3.1, 3.2, 3.3'",
            "version": "==0.6.2"
        },
        "parso": {
            "hashes": [
                "sha256:8c07be290bb59f03588915921e29e8a50002acaf2cdc5fa0e0114f91709fafa0",
                "sha256:c001d4636cd3aecdaf33cbb40aebb59b094be2a74c556778ef5576c175e19e75"
            ],
            "markers": "python_version >= '3.6'",
            "version": "==0.8.3"
        },
        "pexpect": {
            "hashes": [
                "sha256:7236d1e080e4936be2dc3e326cec0af72acf9212a7e1d060210e70a47e253523",
                "sha256:ee7d41123f3c9911050ea2c2dac107568dc43b2d3b0c7557a33212c398ead30f"
            ],
            "markers": "sys_platform != 'win32'",
            "version": "==4.9.0"
        },
        "prompt-toolkit": {
            "hashes": [
                "sha256:3527b7af26106cbc65a040bcc84839a3566ec1b051bb0bfe953631e704b0ff7d",
                "sha256:a11a29cb3bf0a28a387fe5122cdb649816a957cd9261dcedf8c9f1fef33eacf6"
            ],
            "markers": "python_full_version >= '3.7.0'",
            "version": "==3.0.43"
        },
        "psycopg2-binary": {
            "hashes": [
                "sha256:03ef7df18daf2c4c07e2695e8cfd5ee7f748a1d54d802330985a78d2a5a6dca9",
                "sha256:0a602ea5aff39bb9fac6308e9c9d82b9a35c2bf288e184a816002c9fae930b77",
                "sha256:0c009475ee389757e6e34611d75f6e4f05f0cf5ebb76c6037508318e1a1e0d7e",
                "sha256:0ef4854e82c09e84cc63084a9e4ccd6d9b154f1dbdd283efb92ecd0b5e2b8c84",
                "sha256:1236ed0952fbd919c100bc839eaa4a39ebc397ed1c08a97fc45fee2a595aa1b3",
                "sha256:143072318f793f53819048fdfe30c321890af0c3ec7cb1dfc9cc87aa88241de2",
                "sha256:15208be1c50b99203fe88d15695f22a5bed95ab3f84354c494bcb1d08557df67",
                "sha256:1873aade94b74715be2246321c8650cabf5a0d098a95bab81145ffffa4c13876",
                "sha256:18d0ef97766055fec15b5de2c06dd8e7654705ce3e5e5eed3b6651a1d2a9a152",
                "sha256:1ea665f8ce695bcc37a90ee52de7a7980be5161375d42a0b6c6abedbf0d81f0f",
                "sha256:2293b001e319ab0d869d660a704942c9e2cce19745262a8aba2115ef41a0a42a",
                "sha256:246b123cc54bb5361588acc54218c8c9fb73068bf227a4a531d8ed56fa3ca7d6",
                "sha256:275ff571376626195ab95a746e6a04c7df8ea34638b99fc11160de91f2fef503",
                "sha256:281309265596e388ef483250db3640e5f414168c5a67e9c665cafce9492eda2f",
                "sha256:2d423c8d8a3c82d08fe8af900ad5b613ce3632a1249fd6a223941d0735fce493",
                "sha256:2e5afae772c00980525f6d6ecf7cbca55676296b580c0e6abb407f15f3706996",
                "sha256:30dcc86377618a4c8f3b72418df92e77be4254d8f89f14b8e8f57d6d43603c0f",
                "sha256:31a34c508c003a4347d389a9e6fcc2307cc2150eb516462a7a17512130de109e",
                "sha256:323ba25b92454adb36fa425dc5cf6f8f19f78948cbad2e7bc6cdf7b0d7982e59",
                "sha256:34eccd14566f8fe14b2b95bb13b11572f7c7d5c36da61caf414d23b91fcc5d94",
                "sha256:3a58c98a7e9c021f357348867f537017057c2ed7f77337fd914d0bedb35dace7",
                "sha256:3f78fd71c4f43a13d342be74ebbc0666fe1f555b8837eb113cb7416856c79682",
                "sha256:4154ad09dac630a0f13f37b583eae260c6aa885d67dfbccb5b02c33f31a6d420",
                "sha256:420f9bbf47a02616e8554e825208cb947969451978dceb77f95ad09c37791dae",
                "sha256:4686818798f9194d03c9129a4d9a702d9e113a89cb03bffe08c6cf799e053291",
                "sha256:57fede879f08d23c85140a360c6a77709113efd1c993923c59fde17aa27599fe",
                "sha256:60989127da422b74a04345096c10d416c2b41bd7bf2a380eb541059e4e999980",
                "sha256:64cf30263844fa208851ebb13b0732ce674d8ec6a0c86a4e160495d299ba3c93",
                "sha256:68fc1f1ba168724771e38bee37d940d2865cb0f562380a1fb1ffb428b75cb692",
                "sha256:6e6f98446430fdf41bd36d4faa6cb409f5140c1c2cf58ce0bbdaf16af7d3f119",
                "sha256:729177eaf0aefca0994ce4cffe96ad3c75e377c7b6f4efa59ebf003b6d398716",
                "sha256:72dffbd8b4194858d0941062a9766f8297e8868e1dd07a7b36212aaa90f49472",
                "sha256:75723c3c0fbbf34350b46a3199eb50638ab22a0228f93fb472ef4d9becc2382b",
                "sha256:77853062a2c45be16fd6b8d6de2a99278ee1d985a7bd8b103e97e41c034006d2",
                "sha256:78151aa3ec21dccd5cdef6c74c3e73386dcdfaf19bced944169697d7ac7482fc",
                "sha256:7f01846810177d829c7692f1f5ada8096762d9172af1b1a28d4ab5b77c923c1c",
                "sha256:804d99b24ad523a1fe18cc707bf741670332f7c7412e9d49cb5eab67e886b9b5",
                "sha256:81ff62668af011f9a48787564ab7eded4e9fb17a4a6a74af5ffa6a457400d2ab",
                "sha256:8359bf4791968c5a78c56103702000105501adb557f3cf772b2c207284273984",
                "sha256:83791a65b51ad6ee6cf0845634859d69a038ea9b03d7b26e703f94c7e93dbcf9",
                "sha256:8532fd6e6e2dc57bcb3bc90b079c60de896d2128c5d9d6f24a63875a95a088cf",
                "sha256:876801744b0dee379e4e3c38b76fc89f88834bb15bf92ee07d94acd06ec890a0",
                "sha256:8dbf6d1bc73f1d04ec1734bae3b4fb0ee3cb2a493d35ede9badbeb901fb40f6f",
                "sha256:8f8544b092a29a6ddd72f3556a9fcf249ec412e10ad28be6a0c0d948924f2212",
                "sha256:911dda9c487075abd54e644ccdf5e5c16773470a6a5d3826fda76699410066fb",
                "sha256:977646e05232579d2e7b9c59e21dbe5261f403a88417f6a6512e70d3f8a046be",
                "sha256:9dba73be7305b399924709b91682299794887cbbd88e38226ed9f6712eabee90",
                "sha256:a148c5d507bb9b4f2030a2025c545fccb0e1ef317393eaba42e7eabd28eb6041",
                "sha256:a6cdcc3ede532f4a4b96000b6362099591ab4a3e913d70bcbac2b56c872446f7",
                "sha256:ac05fb791acf5e1a3e39402641827780fe44d27e72567a000412c648a85ba860",
                "sha256:b58b4710c7f4161b5e9dcbe73bb7c62d65670a87df7bcce9e1faaad43e715245",
                "sha256:b6356793b84728d9d50ead16ab43c187673831e9d4019013f1402c41b1db9b27",
                "sha256:b76bedd166805480ab069612119ea636f5ab8f8771e640ae103e05a4aae3e417",
                "sha256:bc7bb56d04601d443f24094e9e31ae6deec9ccb23581f75343feebaf30423359",
                "sha256:c2470da5418b76232f02a2fcd2229537bb2d5a7096674ce61859c3229f2eb202",
                "sha256:c332c8d69fb64979ebf76613c66b985414927a40f8defa16cf1bc028b7b0a7b0",
                "sha256:c6af2a6d4b7ee9615cbb162b0738f6e1fd1f5c3eda7e5da17861eacf4c717ea7",
                "sha256:c77e3d1862452565875eb31bdb45ac62502feabbd53429fdc39a1cc341d681ba",
                "sha256:ca08decd2697fdea0aea364b370b1249d47336aec935f87b8bbfd7da5b2ee9c1",
                "sha256:ca49a8119c6cbd77375ae303b0cfd8c11f011abbbd64601167ecca18a87e7cdd",
                "sha256:cb16c65dcb648d0a43a2521f2f0a2300f40639f6f8c1ecbc662141e4e3e1ee07",
                "sha256:d2997c458c690ec2bc6b0b7ecbafd02b029b7b4283078d3b32a852a7ce3ddd98",
                "sha256:d3f82c171b4ccd83bbaf35aa05e44e690113bd4f3b7b6cc54d2219b132f3ae55",
                "sha256:dc4926288b2a3e9fd7b50dc6a1909a13bbdadfc67d93f3374d984e56f885579d",
                "sha256:ead20f7913a9c1e894aebe47cccf9dc834e1618b7aa96155d2091a626e59c972",
                "sha256:ebdc36bea43063116f0486869652cb2ed7032dbc59fbcb4445c4862b5c1ecf7f",
                "sha256:ed1184ab8f113e8d660ce49a56390ca181f2981066acc27cf637d5c1e10ce46e",
                "sha256:ee825e70b1a209475622f7f7b776785bd68f34af6e7a46e2e42f27b659b5bc26",
                "sha256:f7ae5d65ccfbebdfa761585228eb4d0df3a8b15cfb53bd953e713e09fbb12957",
                "sha256:f7fc5a5acafb7d6ccca13bfa8c90f8c51f13d8fb87d95656d3950f0158d3ce53",
                "sha256:f9b5571d33660d5009a8b3c25dc1db560206e2d2f89d3df1cb32d72c0d117d52"
            ],
            "index": "pypi",
            "markers": "python_version >= '3.7'",
            "version": "==2.9.9"
        },
        "ptyprocess": {
            "hashes": [
                "sha256:4b41f3967fce3af57cc7e94b888626c18bf37a083e3651ca8feeb66d492fef35",
                "sha256:5c5d0a3b48ceee0b48485e0c26037c0acd7d29765ca3fbb5cb3831d347423220"
            ],
            "version": "==0.7.0"
        },
        "pure-eval": {
            "hashes": [
                "sha256:01eaab343580944bc56080ebe0a674b39ec44a945e6d09ba7db3cb8cec289350",
                "sha256:2b45320af6dfaa1750f543d714b6d1c520a1688dec6fd24d339063ce0aaa9ac3"
            ],
            "version": "==0.2.2"
        },
        "pygments": {
            "hashes": [
                "sha256:b27c2826c47d0f3219f29554824c30c5e8945175d888647acd804ddd04af846c",
                "sha256:da46cec9fd2de5be3a8a784f434e4c4ab670b4ff54d605c4c2717e9d49c4c367"
            ],
            "markers": "python_version >= '3.7'",
            "version": "==2.17.2"
        },
        "pyhamcrest": {
            "hashes": [
                "sha256:c6acbec0923d0cb7e72c22af1926f3e7c97b8e8d69fc7498eabacaf7c975bd9c",
                "sha256:f6913d2f392e30e0375b3ecbd7aee79e5d1faa25d345c8f4ff597665dcac2587"
            ],
            "markers": "python_version >= '3.6'",
            "version": "==2.1.0"
        },
        "python-dateutil": {
            "hashes": [
                "sha256:37dd54208da7e1cd875388217d5e00ebd4179249f90fb72437e91a35459a0ad3",
                "sha256:a8b2bc7bffae282281c8140a97d3aa9c14da0b136dfe83f850eea9a5f7470427"
            ],
            "markers": "python_version >= '2.7' and python_version not in '3.0, 3.1, 3.2, 3.3'",
            "version": "==2.9.0.post0"
        },
        "pytz": {
            "hashes": [
                "sha256:2a29735ea9c18baf14b448846bde5a48030ed267578472d8955cd0e7443a9812",
                "sha256:328171f4e3623139da4983451950b28e95ac706e13f3f2630a879749e7a8b319"
            ],
            "index": "pypi",
            "version": "==2024.1"
        },
        "redis": {
            "hashes": [
                "sha256:0e7e0cfca8660dea8b7d5cd8c4f6c5e29e11f31158c0b0ae91a397f00e5a05a2",
                "sha256:432b788c4530cfe16d8d943a09d40ca6c16149727e4afe8c2c9d5580c59d9f24"
            ],
            "markers": "python_version >= '2.7' and python_version not in '3.0, 3.1, 3.2, 3.3, 3.4'",
            "version": "==3.5.3"
        },
        "setuptools": {
            "hashes": [
                "sha256:54faa7f2e8d2d11bcd2c07bed282eef1046b5c080d1c32add737d7b5817b1ad4",
                "sha256:f211a66637b8fa059bb28183da127d4e86396c991a942b028c6650d4319c3fd0"
            ],
            "index": "pypi",
            "markers": "python_version >= '3.8'",
            "version": "==70.0.0"
        },
        "six": {
            "hashes": [
                "sha256:1e61c37477a1626458e36f7b1d82aa5c9b094fa4802892072e49de9c60c4c926",
                "sha256:8abb2f1d86890a2dfb989f9a77cfcfd3e47c2a354b01111771326f8aa26e0254"
            ],
            "markers": "python_version >= '2.7' and python_version not in '3.0, 3.1, 3.2, 3.3'",
            "version": "==1.16.0"
        },
        "soupsieve": {
            "hashes": [
                "sha256:5663d5a7b3bfaeee0bc4372e7fc48f9cff4940b3eec54a6451cc5299f1097690",
                "sha256:eaa337ff55a1579b6549dc679565eac1e3d000563bcb1c8ab0d0fefbc0c2cdc7"
            ],
            "markers": "python_version >= '3.8'",
            "version": "==2.5"
        },
        "splinter": {
            "hashes": [
                "sha256:4c9e5962ce25f468b2dd52effbd1445afd7466740f238e564c6b70f7fda9368f",
                "sha256:60cbbec9209acefccf39608d677eecdb248bbd700023663ce406595322c38fe5"
            ],
            "index": "pypi",
            "version": "==0.21.0"
        },
        "sqlparse": {
            "hashes": [
                "sha256:714d0a4932c059d16189f58ef5411ec2287a4360f17cdd0edd2d09d4c5087c93",
                "sha256:c204494cd97479d0e39f28c93d46c0b2d5959c7b9ab904762ea6c7af211c8663"
            ],
            "markers": "python_version >= '3.8'",
            "version": "==0.5.0"
        },
        "stack-data": {
            "hashes": [
                "sha256:836a778de4fec4dcd1dcd89ed8abff8a221f58308462e1c4aa2a3cf30148f0b9",
                "sha256:d5558e0c25a4cb0853cddad3d77da9891a08cb85dd9f9f91b9f8cd66e511e695"
            ],
            "version": "==0.6.3"
        },
        "traitlets": {
            "hashes": [
                "sha256:9b232b9430c8f57288c1024b34a8f0251ddcc47268927367a0dd3eeaca40deb5",
                "sha256:baf991e61542da48fe8aef8b779a9ea0aa38d8a54166ee250d5af5ecf4486619"
            ],
            "markers": "python_version >= '3.8'",
            "version": "==5.13.0"
        },
        "typing-extensions": {
            "hashes": [
                "sha256:8cbcdc8606ebcb0d95453ad7dc5065e6237b6aa230a31e81d0f440c30fed5fd8",
                "sha256:b349c66bea9016ac22978d800cfff206d5f9816951f12a7d0ec5578b0a819594"
            ],
            "markers": "python_version < '3.10'",
            "version": "==4.12.0"
        },
        "tzdata": {
            "hashes": [
                "sha256:2674120f8d891909751c38abcdfd386ac0a5a1127954fbc332af6b5ceae07efd",
                "sha256:9068bc196136463f5245e51efda838afa15aaeca9903f49050dfa2679db4d252"
            ],
            "markers": "python_version >= '2'",
            "version": "==2024.1"
        },
        "urllib3": {
            "hashes": [
                "sha256:a448b2f64d686155468037e1ace9f2d2199776e17f0a46610480d311f73e3472",
                "sha256:dd505485549a7a552833da5e6063639d0d177c04f23bc3864e41e5dc5f612168"
            ],
            "index": "pypi",
            "markers": "python_version >= '3.8'",
            "version": "==2.2.2"
        },
        "vine": {
            "hashes": [
                "sha256:40fdf3c48b2cfe1c38a49e9ae2da6fda88e4794c810050a728bd7413811fb1dc",
                "sha256:8b62e981d35c41049211cf62a0a1242d8c1ee9bd15bb196ce38aefd6799e61e0"
            ],
            "markers": "python_version >= '3.6'",
            "version": "==5.1.0"
        },
        "waitress": {
            "hashes": [
                "sha256:005da479b04134cdd9dd602d1ee7c49d79de0537610d653674cc6cbde222b8a1",
                "sha256:2a06f242f4ba0cc563444ca3d1998959447477363a2d7e9b8b4d75d35cfd1669"
            ],
            "index": "pypi",
            "markers": "python_full_version >= '3.8.0'",
            "version": "==3.0.0"
        },
        "wcwidth": {
            "hashes": [
                "sha256:3da69048e4540d84af32131829ff948f1e022c1c6bdb8d6102117aac784f6859",
                "sha256:72ea0c06399eb286d978fdedb6923a9eb47e1c486ce63e9b4e64fc18303972b5"
            ],
            "version": "==0.2.13"
        },
        "whitenoise": {
            "hashes": [
                "sha256:58c7a6cd811e275a6c91af22e96e87da0b1109e9a53bb7464116ef4c963bf636",
                "sha256:a1ae85e01fdc9815d12fa33f17765bc132ed2c54fa76daf9e39e879dd93566f6"
            ],
            "index": "pypi",
            "markers": "python_version >= '3.8'",
            "version": "==6.7.0"
        },
        "zope.event": {
            "hashes": [
                "sha256:2832e95014f4db26c47a13fdaef84cef2f4df37e66b59d8f1f4a8f319a632c26",
                "sha256:bac440d8d9891b4068e2b5a2c5e2c9765a9df762944bda6955f96bb9b91e67cd"
            ],
            "markers": "python_version >= '3.7'",
            "version": "==5.0"
        },
        "zope.interface": {
            "hashes": [
                "sha256:0c8cf55261e15590065039696607f6c9c1aeda700ceee40c70478552d323b3ff",
                "sha256:13b7d0f2a67eb83c385880489dbb80145e9d344427b4262c49fbf2581677c11c",
                "sha256:1f294a15f7723fc0d3b40701ca9b446133ec713eafc1cc6afa7b3d98666ee1ac",
                "sha256:239a4a08525c080ff833560171d23b249f7f4d17fcbf9316ef4159f44997616f",
                "sha256:2f8d89721834524a813f37fa174bac074ec3d179858e4ad1b7efd4401f8ac45d",
                "sha256:2fdc7ccbd6eb6b7df5353012fbed6c3c5d04ceaca0038f75e601060e95345309",
                "sha256:34c15ca9248f2e095ef2e93af2d633358c5f048c49fbfddf5fdfc47d5e263736",
                "sha256:387545206c56b0315fbadb0431d5129c797f92dc59e276b3ce82db07ac1c6179",
                "sha256:43b576c34ef0c1f5a4981163b551a8781896f2a37f71b8655fd20b5af0386abb",
                "sha256:57d0a8ce40ce440f96a2c77824ee94bf0d0925e6089df7366c2272ccefcb7941",
                "sha256:5a804abc126b33824a44a7aa94f06cd211a18bbf31898ba04bd0924fbe9d282d",
                "sha256:67be3ca75012c6e9b109860820a8b6c9a84bfb036fbd1076246b98e56951ca92",
                "sha256:6af47f10cfc54c2ba2d825220f180cc1e2d4914d783d6fc0cd93d43d7bc1c78b",
                "sha256:6dc998f6de015723196a904045e5a2217f3590b62ea31990672e31fbc5370b41",
                "sha256:70d2cef1bf529bff41559be2de9d44d47b002f65e17f43c73ddefc92f32bf00f",
                "sha256:7ebc4d34e7620c4f0da7bf162c81978fce0ea820e4fa1e8fc40ee763839805f3",
                "sha256:964a7af27379ff4357dad1256d9f215047e70e93009e532d36dcb8909036033d",
                "sha256:97806e9ca3651588c1baaebb8d0c5ee3db95430b612db354c199b57378312ee8",
                "sha256:9b9bc671626281f6045ad61d93a60f52fd5e8209b1610972cf0ef1bbe6d808e3",
                "sha256:9ffdaa5290422ac0f1688cb8adb1b94ca56cee3ad11f29f2ae301df8aecba7d1",
                "sha256:a0da79117952a9a41253696ed3e8b560a425197d4e41634a23b1507efe3273f1",
                "sha256:a41f87bb93b8048fe866fa9e3d0c51e27fe55149035dcf5f43da4b56732c0a40",
                "sha256:aa6fd016e9644406d0a61313e50348c706e911dca29736a3266fc9e28ec4ca6d",
                "sha256:ad54ed57bdfa3254d23ae04a4b1ce405954969c1b0550cc2d1d2990e8b439de1",
                "sha256:b012d023b4fb59183909b45d7f97fb493ef7a46d2838a5e716e3155081894605",
                "sha256:b51b64432eed4c0744241e9ce5c70dcfecac866dff720e746d0a9c82f371dfa7",
                "sha256:bbe81def9cf3e46f16ce01d9bfd8bea595e06505e51b7baf45115c77352675fd",
                "sha256:c9559138690e1bd4ea6cd0954d22d1e9251e8025ce9ede5d0af0ceae4a401e43",
                "sha256:e30506bcb03de8983f78884807e4fd95d8db6e65b69257eea05d13d519b83ac0",
                "sha256:e33e86fd65f369f10608b08729c8f1c92ec7e0e485964670b4d2633a4812d36b",
                "sha256:e441e8b7d587af0414d25e8d05e27040d78581388eed4c54c30c0c91aad3a379",
                "sha256:e8bb9c990ca9027b4214fa543fd4025818dc95f8b7abce79d61dc8a2112b561a",
                "sha256:ef43ee91c193f827e49599e824385ec7c7f3cd152d74cb1dfe02cb135f264d83",
                "sha256:ef467d86d3cfde8b39ea1b35090208b0447caaabd38405420830f7fd85fbdd56",
                "sha256:f89b28772fc2562ed9ad871c865f5320ef761a7fcc188a935e21fe8b31a38ca9",
                "sha256:fddbab55a2473f1d3b8833ec6b7ac31e8211b0aa608df5ab09ce07f3727326de"
            ],
            "markers": "python_version >= '3.7'",
            "version": "==6.1"
        }
    },
    "develop": {}
}
